
Microsoft Visual Studio Solution File, Format Version 12.00
# Visual Studio Version 16
VisualStudioVersion = 16.0.29920.165
MinimumVisualStudioVersion = 10.0.40219.1
Project("{FAE04EC0-301F-11D3-BF4B-00C04F79EFBC}") = "CSharp_Lab2_WPF", "CSharp_Lab2_WPF.csproj", "{6A59C3E3-21F2-41C9-9003-40A84AE5479B}"
EndProject
Global
	GlobalSection(SolutionConfigurationPlatforms) = preSolution
		Debug|Any CPU = Debug|Any CPU
		Release|Any CPU = Release|Any CPU
	EndGlobalSection
	GlobalSection(ProjectConfigurationPlatforms) = postSolution
		{6A59C3E3-21F2-41C9-9003-40A84AE5479B}.Debug|Any CPU.ActiveCfg = Debug|Any CPU
		{6A59C3E3-21F2-41C9-9003-40A84AE5479B}.Debug|Any CPU.Build.0 = Debug|Any CPU
		{6A59C3E3-21F2-41C9-9003-40A84AE5479B}.Release|Any CPU.ActiveCfg = Release|Any CPU
		{6A59C3E3-21F2-41C9-9003-40A84AE5479B}.Release|Any CPU.Build.0 = Release|Any CPU
	EndGlobalSection
	GlobalSection(SolutionProperties) = preSolution
		HideSolutionNode = FALSE
	EndGlobalSection
	GlobalSection(ExtensibilityGlobals) = postSolution
		SolutionGuid = {426F84F5-84E2-4E35-B8F0-1254D28BA500}
	EndGlobalSection
EndGlobal
